
Microsoft Visual Studio Solution File, Format Version 12.00
# Visual Studio Version 17
VisualStudioVersion = 17.4.33213.308
MinimumVisualStudioVersion = 10.0.40219.1
Project("{9A19103F-16F7-4668-BE54-9A1E7A4F7556}") = "CIPlatformWeb", "CIPlatformWeb\CIPlatformWeb.csproj", "{D697E200-18A1-4D04-8A9C-0813ACEB2F78}"
EndProject
Project("{FAE04EC0-301F-11D3-BF4B-00C04F79EFBC}") = "CIPlatform.DataAccessLayer", "CIPlatform.DataAccessLayer\CIPlatform.DataAccessLayer.csproj", "{C1695AE1-3283-4808-9C4D-A95A6FA51BD8}"
EndProject
Project("{FAE04EC0-301F-11D3-BF4B-00C04F79EFBC}") = "CIPlatform.Entities", "CIPlatform.Entities\CIPlatform.Entities.csproj", "{73B6DCD5-DBB4-4EC4-812A-3409C8C8C8AE}"
EndProject
Global
	GlobalSection(SolutionConfigurationPlatforms) = preSolution
		Debug|Any CPU = Debug|Any CPU
		Release|Any CPU = Release|Any CPU
	EndGlobalSection
	GlobalSection(ProjectConfigurationPlatforms) = postSolution
		{D697E200-18A1-4D04-8A9C-0813ACEB2F78}.Debug|Any CPU.ActiveCfg = Debug|Any CPU
		{D697E200-18A1-4D04-8A9C-0813ACEB2F78}.Debug|Any CPU.Build.0 = Debug|Any CPU
		{D697E200-18A1-4D04-8A9C-0813ACEB2F78}.Release|Any CPU.ActiveCfg = Release|Any CPU
		{D697E200-18A1-4D04-8A9C-0813ACEB2F78}.Release|Any CPU.Build.0 = Release|Any CPU
		{C1695AE1-3283-4808-9C4D-A95A6FA51BD8}.Debug|Any CPU.ActiveCfg = Debug|Any CPU
		{C1695AE1-3283-4808-9C4D-A95A6FA51BD8}.Debug|Any CPU.Build.0 = Debug|Any CPU
		{C1695AE1-3283-4808-9C4D-A95A6FA51BD8}.Release|Any CPU.ActiveCfg = Release|Any CPU
		{C1695AE1-3283-4808-9C4D-A95A6FA51BD8}.Release|Any CPU.Build.0 = Release|Any CPU
		{73B6DCD5-DBB4-4EC4-812A-3409C8C8C8AE}.Debug|Any CPU.ActiveCfg = Debug|Any CPU
		{73B6DCD5-DBB4-4EC4-812A-3409C8C8C8AE}.Debug|Any CPU.Build.0 = Debug|Any CPU
		{73B6DCD5-DBB4-4EC4-812A-3409C8C8C8AE}.Release|Any CPU.ActiveCfg = Release|Any CPU
		{73B6DCD5-DBB4-4EC4-812A-3409C8C8C8AE}.Release|Any CPU.Build.0 = Release|Any CPU
	EndGlobalSection
	GlobalSection(SolutionProperties) = preSolution
		HideSolutionNode = FALSE
	EndGlobalSection
	GlobalSection(ExtensibilityGlobals) = postSolution
		SolutionGuid = {C1AB5409-9E61-4366-B709-F41D25703C84}
	EndGlobalSection
EndGlobal
