
Microsoft Visual Studio Solution File, Format Version 12.00
# Visual Studio Version 17
VisualStudioVersion = 17.4.33213.308
MinimumVisualStudioVersion = 10.0.40219.1
Project("{9A19103F-16F7-4668-BE54-9A1E7A4F7556}") = "BulkyBookWeb", "BulkyBookWeb\BulkyBookWeb.csproj", "{4F660AAE-613A-4349-AA89-98785AA1F4F5}"
EndProject
Project("{FAE04EC0-301F-11D3-BF4B-00C04F79EFBC}") = "BulkyBook.Models", "Models\BulkyBook.Models.csproj", "{12E364F1-ADDD-4701-95BB-576B53684817}"
EndProject
Project("{FAE04EC0-301F-11D3-BF4B-00C04F79EFBC}") = "BulkyBook.DataAccess", "DataAccess\BulkyBook.DataAccess.csproj", "{83BF80A0-0718-4044-A99F-B69905030A69}"
EndProject
Global
	GlobalSection(SolutionConfigurationPlatforms) = preSolution
		Debug|Any CPU = Debug|Any CPU
		Release|Any CPU = Release|Any CPU
	EndGlobalSection
	GlobalSection(ProjectConfigurationPlatforms) = postSolution
		{4F660AAE-613A-4349-AA89-98785AA1F4F5}.Debug|Any CPU.ActiveCfg = Debug|Any CPU
		{4F660AAE-613A-4349-AA89-98785AA1F4F5}.Debug|Any CPU.Build.0 = Debug|Any CPU
		{4F660AAE-613A-4349-AA89-98785AA1F4F5}.Release|Any CPU.ActiveCfg = Release|Any CPU
		{4F660AAE-613A-4349-AA89-98785AA1F4F5}.Release|Any CPU.Build.0 = Release|Any CPU
		{12E364F1-ADDD-4701-95BB-576B53684817}.Debug|Any CPU.ActiveCfg = Debug|Any CPU
		{12E364F1-ADDD-4701-95BB-576B53684817}.Debug|Any CPU.Build.0 = Debug|Any CPU
		{12E364F1-ADDD-4701-95BB-576B53684817}.Release|Any CPU.ActiveCfg = Release|Any CPU
		{12E364F1-ADDD-4701-95BB-576B53684817}.Release|Any CPU.Build.0 = Release|Any CPU
		{83BF80A0-0718-4044-A99F-B69905030A69}.Debug|Any CPU.ActiveCfg = Debug|Any CPU
		{83BF80A0-0718-4044-A99F-B69905030A69}.Debug|Any CPU.Build.0 = Debug|Any CPU
		{83BF80A0-0718-4044-A99F-B69905030A69}.Release|Any CPU.ActiveCfg = Release|Any CPU
		{83BF80A0-0718-4044-A99F-B69905030A69}.Release|Any CPU.Build.0 = Release|Any CPU
	EndGlobalSection
	GlobalSection(SolutionProperties) = preSolution
		HideSolutionNode = FALSE
	EndGlobalSection
	GlobalSection(ExtensibilityGlobals) = postSolution
		SolutionGuid = {5B39C6FB-A3F9-4E3C-BDF0-AC2621D28761}
	EndGlobalSection
EndGlobal
